
Microsoft Visual Studio Solution File, Format Version 12.00
# Visual Studio 15
VisualStudioVersion = 15.0.27004.2005
MinimumVisualStudioVersion = 10.0.40219.1
Project("{8BC9CEB8-8B4A-11D0-8D11-00A0C91BC942}") = "CHAW-2017", "CHAW-2017\CHAW-2017.vcxproj", "{537BC3C9-92BF-4360-AABA-18DCC01EDF77}"
EndProject
Project("{8BC9CEB8-8B4A-11D0-8D11-00A0C91BC942}") = "Library", "Library\Library.vcxproj", "{2C2EE019-46D2-413D-B815-25D7D0536C1E}"
EndProject
Global
	GlobalSection(SolutionConfigurationPlatforms) = preSolution
		Debug|x64 = Debug|x64
		Debug|x86 = Debug|x86
		Release|x64 = Release|x64
		Release|x86 = Release|x86
	EndGlobalSection
	GlobalSection(ProjectConfigurationPlatforms) = postSolution
		{537BC3C9-92BF-4360-AABA-18DCC01EDF77}.Debug|x64.ActiveCfg = Debug|x64
		{537BC3C9-92BF-4360-AABA-18DCC01EDF77}.Debug|x64.Build.0 = Debug|x64
		{537BC3C9-92BF-4360-AABA-18DCC01EDF77}.Debug|x86.ActiveCfg = Debug|Win32
		{537BC3C9-92BF-4360-AABA-18DCC01EDF77}.Debug|x86.Build.0 = Debug|Win32
		{537BC3C9-92BF-4360-AABA-18DCC01EDF77}.Release|x64.ActiveCfg = Release|x64
		{537BC3C9-92BF-4360-AABA-18DCC01EDF77}.Release|x64.Build.0 = Release|x64
		{537BC3C9-92BF-4360-AABA-18DCC01EDF77}.Release|x86.ActiveCfg = Release|Win32
		{537BC3C9-92BF-4360-AABA-18DCC01EDF77}.Release|x86.Build.0 = Release|Win32
		{2C2EE019-46D2-413D-B815-25D7D0536C1E}.Debug|x64.ActiveCfg = Debug|x64
		{2C2EE019-46D2-413D-B815-25D7D0536C1E}.Debug|x64.Build.0 = Debug|x64
		{2C2EE019-46D2-413D-B815-25D7D0536C1E}.Debug|x86.ActiveCfg = Debug|Win32
		{2C2EE019-46D2-413D-B815-25D7D0536C1E}.Debug|x86.Build.0 = Debug|Win32
		{2C2EE019-46D2-413D-B815-25D7D0536C1E}.Release|x64.ActiveCfg = Release|x64
		{2C2EE019-46D2-413D-B815-25D7D0536C1E}.Release|x64.Build.0 = Release|x64
		{2C2EE019-46D2-413D-B815-25D7D0536C1E}.Release|x86.ActiveCfg = Release|Win32
		{2C2EE019-46D2-413D-B815-25D7D0536C1E}.Release|x86.Build.0 = Release|Win32
	EndGlobalSection
	GlobalSection(SolutionProperties) = preSolution
		HideSolutionNode = FALSE
	EndGlobalSection
	GlobalSection(ExtensibilityGlobals) = postSolution
		SolutionGuid = {3368F58F-BB5C-4CF8-8D45-9779A947CEB6}
	EndGlobalSection
EndGlobal
